
Microsoft Visual Studio Solution File, Format Version 12.00
# Visual Studio Version 16
VisualStudioVersion = 16.0.33214.272
MinimumVisualStudioVersion = 10.0.40219.1
Project("{FAE04EC0-301F-11D3-BF4B-00C04F79EFBC}") = "ClientImport", "ClientImport\ClientImport.csproj", "{36E133EA-958E-403E-A1A4-D7F1C9AC26F8}"
EndProject
Global
	GlobalSection(SolutionConfigurationPlatforms) = preSolution
		Debug|Any CPU = Debug|Any CPU
		Release|Any CPU = Release|Any CPU
	EndGlobalSection
	GlobalSection(ProjectConfigurationPlatforms) = postSolution
		{36E133EA-958E-403E-A1A4-D7F1C9AC26F8}.Debug|Any CPU.ActiveCfg = Debug|Any CPU
		{36E133EA-958E-403E-A1A4-D7F1C9AC26F8}.Debug|Any CPU.Build.0 = Debug|Any CPU
		{36E133EA-958E-403E-A1A4-D7F1C9AC26F8}.Release|Any CPU.ActiveCfg = Release|Any CPU
		{36E133EA-958E-403E-A1A4-D7F1C9AC26F8}.Release|Any CPU.Build.0 = Release|Any CPU
	EndGlobalSection
	GlobalSection(SolutionProperties) = preSolution
		HideSolutionNode = FALSE
	EndGlobalSection
	GlobalSection(ExtensibilityGlobals) = postSolution
		SolutionGuid = {8D29FE1A-38FE-491A-8C02-08AFA3618C60}
	EndGlobalSection
EndGlobal
